{
    "_meta": {
        "hash": {
            "sha256": "ba0a441d54057da65d73fca4238f1c75b373468acec8eda2aadf85b5d55bcc74"
        },
        "pipfile-spec": 6,
        "requires": {
            "python_version": "3"
        },
        "sources": [
            {
                "name": "pypi",
                "url": "https://pypi.org/simple",
                "verify_ssl": true
            }
        ]
    },
    "default": {
        "attrs": {
            "hashes": [
                "sha256:29adc2665447e5191d0e7c568fde78b21f9672d344281d0c6e1ab085429b22b6",
                "sha256:86efa402f67bf2df34f51a335487cf46b1ec130d02b8d39fd248abfd30da551c"
            ],
            "markers": "python_version >= '3.5'",
            "version": "==22.1.0"
        },
        "boto3": {
            "hashes": [
                "sha256:11a6035060230e92327d4f10fef6bc44188b2cd68504012bc25ed62ac31d670b",
                "sha256:1b8fac5f11ee1d185770d7619f2212e67e636ce190512770d0d36fd162739628"
            ],
            "index": "pypi",
            "version": "==1.19.2"
        },
        "botocore": {
            "hashes": [
                "sha256:1d1094fb53ebe4535d8840fbd7c14aadb65bde7ff03a65f9a4f1d76bd03e16ff",
                "sha256:fc59b55e8c5dde64b017b2f114c25f8cce397b667e812aea7eafb4b59b49d7cb"
            ],
            "markers": "python_version >= '3.6'",
            "version": "==1.22.12"
        },
        "coverage": {
            "extras": [

            ],
            "hashes": [
                "sha256:04560539c19ec26995ecfb3d9307ff154fbb9a172cb57e3b3cfc4ced673103d1",
                "sha256:1549e1d08ce38259de2bc3e9a0d5f3642ff4a8f500ffc1b2df73fd621a6cdfc0",
                "sha256:1db67c497688fd4ba85b373b37cc52c50d437fd7267520ecd77bddbd89ea22c9",
                "sha256:30922626ce6f7a5a30bdba984ad21021529d3d05a68b4f71ea3b16bda35b8895",
                "sha256:36e9040a43d2017f2787b28d365a4bb33fcd792c7ff46a047a04094dc0e2a30d",
                "sha256:381d773d896cc7f8ba4ff3b92dee4ed740fb88dfe33b6e42efc5e8ab6dfa1cfe",
                "sha256:3bbda1b550e70fa6ac40533d3f23acd4f4e9cb4e6e77251ce77fdf41b3309fb2",
                "sha256:3be1206dc09fb6298de3fce70593e27436862331a85daee36270b6d0e1c251c4",
                "sha256:424c44f65e8be58b54e2b0bd1515e434b940679624b1b72726147cfc6a9fc7ce",
                "sha256:4b34ae4f51bbfa5f96b758b55a163d502be3dcb24f505d0227858c2b3f94f5b9",
                "sha256:4e28d2a195c533b58fc94a12826f4431726d8eb029ac21d874345f943530c122",
                "sha256:53a294dc53cfb39c74758edaa6305193fb4258a30b1f6af24b360a6c8bd0ffa7",
                "sha256:60e51a3dd55540bec686d7fff61b05048ca31e804c1f32cbb44533e6372d9cc3",
                "sha256:61b598cbdbaae22d9e34e3f675997194342f866bb1d781da5d0be54783dce1ff",
                "sha256:6807947a09510dc31fa86f43595bf3a14017cd60bf633cc746d52141bfa6b149",
                "sha256:6a6a9409223a27d5ef3cca57dd7cd4dfcb64aadf2fad5c3b787830ac9223e01a",
                "sha256:7092eab374346121805fb637572483270324407bf150c30a3b161fc0c4ca5164",
                "sha256:77b1da5767ed2f44611bc9bc019bc93c03fa495728ec389759b6e9e5039ac6b1",
                "sha256:8251b37be1f2cd9c0e5ccd9ae0380909c24d2a5ed2162a41fcdbafaf59a85ebd",
                "sha256:9f1627e162e3864a596486774876415a7410021f4b67fd2d9efdf93ade681afc",
                "sha256:a1b73c7c4d2a42b9d37dd43199c5711d91424ff3c6c22681bc132db4a4afec6f",
                "sha256:a82d79586a0a4f5fd1cf153e647464ced402938fbccb3ffc358c7babd4da1dd9",
                "sha256:abbff240f77347d17306d3201e14431519bf64495648ca5a49571f988f88dee9",
                "sha256:ad9b8c1206ae41d46ec7380b78ba735ebb77758a650643e841dd3894966c31d0",
                "sha256:bbffde2a68398682623d9dd8c0ca3f46fda074709b26fcf08ae7a4c431a6ab2d",
                "sha256:bcae10fccb27ca2a5f456bf64d84110a5a74144be3136a5e598f9d9fb48c0caa",
                "sha256:c9cd3828bbe1a40070c11fe16a51df733fd2f0cb0d745fb83b7b5c1f05967df7",
                "sha256:cd1cf1deb3d5544bd942356364a2fdc8959bad2b6cf6eb17f47d301ea34ae822",
                "sha256:d036dc1ed8e1388e995833c62325df3f996675779541f682677efc6af71e96cc",
                "sha256:db42baa892cba723326284490283a68d4de516bfb5aaba369b4e3b2787a778b7",
                "sha256:e4fb7ced4d9dec77d6cf533acfbf8e1415fe799430366affb18d69ee8a3c6330",
                "sha256:e7a0b42db2a47ecb488cde14e0f6c7679a2c5a9f44814393b162ff6397fcdfbb",
                "sha256:f2f184bf38e74f152eed7f87e345b51f3ab0b703842f447c22efe35e59942c24"
            ],
            "index": "pypi",
            "version": "==6.0.2"
        },
        "flake8": {
            "hashes": [
                "sha256:479b1304f72536a55948cb40a32dce8bb0ffe3501e26eaf292c7e60eb5e0428d",
                "sha256:806e034dda44114815e23c16ef92f95c91e4c71100ff52813adf7132a6ad870d"
            ],
            "index": "pypi",
            "version": "==4.0.1"
        },
        "iniconfig": {
            "hashes": [
                "sha256:011e24c64b7f47f6ebd835bb12a743f2fbe9a26d4cecaa7f53bc4f35ee9da8b3",
                "sha256:bc3af051d7d14b2ee5ef9969666def0cd1a000e121eaea580d4a313df4b37f32"
            ],
            "version": "==1.1.1"
        },
        "jmespath": {
            "hashes": [
                "sha256:b85d0567b8666149a93172712e68920734333c0ce7e89b78b3e987f71e5ed4f9",
                "sha256:cdf6525904cc597730141d61b36f2e4b8ecc257c420fa2f4549bac2c2d0cb72f"
            ],
            "markers": "python_version >= '2.6' and python_version not in '3.0, 3.1, 3.2, 3.3'",
            "version": "==0.10.0"
        },
        "mccabe": {
            "hashes": [
                "sha256:ab8a6258860da4b6677da4bd2fe5dc2c659cff31b3ee4f7f5d64e79735b80d42",
                "sha256:dd8d182285a0fe56bace7f45b5e7d1a6ebcbf524e8f3bd87eb0f125271b8831f"
            ],
            "version": "==0.6.1"
        },
        "packaging": {
            "hashes": [
                "sha256:2198ec20bd4c017b8f9717e00f0c8714076fc2fd93816750ab48e2c41de2cfd3",
                "sha256:957e2148ba0e1a3b282772e791ef1d8083648bc131c8ab0c1feba110ce1146c3"
            ],
            "markers": "python_version >= '3.7'",
            "version": "==22.0"
        },
        "pluggy": {
            "hashes": [
                "sha256:4224373bacce55f955a878bf9cfa763c1e360858e330072059e10bad68531159",
                "sha256:74134bbf457f031a36d68416e1509f34bd5ccc019f0bcc952c7b909d06b37bd3"
            ],
            "markers": "python_version >= '3.6'",
            "version": "==1.0.0"
        },
        "py": {
            "hashes": [
                "sha256:51c75c4126074b472f746a24399ad32f6053d1b34b68d2fa41e558e6f4a98719",
                "sha256:607c53218732647dff4acdfcd50cb62615cedf612e72d1724fb1a0cc6405b378"
            ],
            "markers": "python_version >= '2.7' and python_version not in '3.0, 3.1, 3.2, 3.3, 3.4'",
            "version": "==1.11.0"
        },
        "pycodestyle": {
            "hashes": [
                "sha256:720f8b39dde8b293825e7ff02c475f3077124006db4f440dcbc9a20b76548a20",
                "sha256:eddd5847ef438ea1c7870ca7eb78a9d47ce0cdb4851a5523949f2601d0cbbe7f"
            ],
            "markers": "python_version >= '2.7' and python_version not in '3.0, 3.1, 3.2, 3.3, 3.4'",
            "version": "==2.8.0"
        },
        "pydub": {
            "hashes": [
                "sha256:65617e33033874b59d87db603aa1ed450633288aefead953b30bded59cb599a6",
                "sha256:980a33ce9949cab2a569606b65674d748ecbca4f0796887fd6f46173a7b0d30f"
            ],
            "index": "pypi",
            "version": "==0.25.1"
        },
        "pyflakes": {
            "hashes": [
                "sha256:05a85c2872edf37a4ed30b0cce2f6093e1d0581f8c19d7393122da7e25b2b24c",
                "sha256:3bb3a3f256f4b7968c9c788781e4ff07dce46bdf12339dcda61053375426ee2e"
            ],
            "markers": "python_version >= '2.7' and python_version not in '3.0, 3.1, 3.2, 3.3'",
            "version": "==2.4.0"
        },
        "pytest": {
            "hashes": [
                "sha256:131b36680866a76e6781d13f101efb86cf674ebb9762eb70d3082b6f29889e89",
                "sha256:7310f8d27bc79ced999e760ca304d69f6ba6c6649c0b60fb0e04a4a77cacc134"
            ],
            "index": "pypi",
            "version": "==6.2.5"
        },
        "pytest-cov": {
            "hashes": [
                "sha256:578d5d15ac4a25e5f961c938b85a05b09fdaae9deef3bb6de9a6e766622ca7a6",
                "sha256:e7f0f5b1617d2210a2cabc266dfe2f4c75a8d32fb89eafb7ad9d06f6d076d470"
            ],
            "index": "pypi",
            "version": "==3.0.0"
        },
        "python-dateutil": {
            "hashes": [
                "sha256:0123cacc1627ae19ddf3c27a5de5bd67ee4586fbdd6440d9748f8abb483d3e86",
                "sha256:961d03dc3453ebbc59dbdea9e4e11c5651520a876d0f4db161e8674aae935da9"
            ],
            "markers": "python_version >= '2.7' and python_version not in '3.0, 3.1, 3.2, 3.3'",
            "version": "==2.8.2"
        },
        "s3transfer": {
            "hashes": [
                "sha256:7a6f4c4d1fdb9a2b640244008e142cbc2cd3ae34b386584ef044dd0f27101971",
                "sha256:95c58c194ce657a5f4fb0b9e60a84968c808888aed628cd98ab8771fe1db98ed"
            ],
            "markers": "python_version >= '3.6'",
            "version": "==0.5.2"
        },
        "six": {
            "hashes": [
                "sha256:1e61c37477a1626458e36f7b1d82aa5c9b094fa4802892072e49de9c60c4c926",
                "sha256:8abb2f1d86890a2dfb989f9a77cfcfd3e47c2a354b01111771326f8aa26e0254"
            ],
            "markers": "python_version >= '2.7' and python_version not in '3.0, 3.1, 3.2, 3.3'",
            "version": "==1.16.0"
        },
        "toml": {
            "hashes": [
                "sha256:806143ae5bfb6a3c6e736a764057db0e6a0e05e338b5630894a5f779cabb4f9b",
                "sha256:b3bda1d108d5dd99f4a20d24d9c348e91c4db7ab1b749200bded2f839ccbe68f"
            ],
            "markers": "python_version >= '2.6' and python_version not in '3.0, 3.1, 3.2, 3.3'",
            "version": "==0.10.2"
        },
        "tomli": {
            "hashes": [
                "sha256:939de3e7a6161af0c887ef91b7d41a53e7c5a1ca976325f429cb46ea9bc30ecc",
                "sha256:de526c12914f0c550d15924c62d72abc48d6fe7364aa87328337a31007fe8a4f"
            ],
            "markers": "python_version >= '3.7'",
            "version": "==2.0.1"
        },
        "urllib3": {
            "hashes": [
                "sha256:47cc05d99aaa09c9e72ed5809b60e7ba354e64b59c9c173ac3018642d8bb41fc",
                "sha256:c083dd0dce68dbfbe1129d5271cb90f9447dea7d52097c6e0126120c521ddea8"
            ],
            "markers": "python_version >= '2.7' and python_version not in '3.0, 3.1, 3.2, 3.3, 3.4, 3.5'",
            "version": "==1.26.13"
        }
    },
    "develop": {
        "boto3": {
            "hashes": [
                "sha256:11a6035060230e92327d4f10fef6bc44188b2cd68504012bc25ed62ac31d670b",
                "sha256:1b8fac5f11ee1d185770d7619f2212e67e636ce190512770d0d36fd162739628"
            ],
            "index": "pypi",
            "version": "==1.19.2"
        },
        "botocore": {
            "hashes": [
                "sha256:1d1094fb53ebe4535d8840fbd7c14aadb65bde7ff03a65f9a4f1d76bd03e16ff",
                "sha256:fc59b55e8c5dde64b017b2f114c25f8cce397b667e812aea7eafb4b59b49d7cb"
            ],
            "markers": "python_version >= '3.6'",
            "version": "==1.22.12"
        },
        "certifi": {
            "hashes": [
                "sha256:35824b4c3a97115964b408844d64aa14db1cc518f6562e8d7261699d1350a9e3",
                "sha256:4ad3232f5e926d6718ec31cfc1fcadfde020920e278684144551c91769c7bc18"
            ],
            "index": "pypi",
            "version": "==2022.12.7"
        },
        "chardet": {
            "hashes": [
                "sha256:0d6f53a15db4120f2b08c94f11e7d93d2c911ee118b6b30a04ec3ee8310179fa",
                "sha256:f864054d66fd9118f2e67044ac8981a54775ec5b67aed0441892edb553d21da5"
            ],
            "markers": "python_version >= '2.7' and python_version not in '3.0, 3.1, 3.2, 3.3, 3.4'",
            "version": "==4.0.0"
        },
        "click": {
            "hashes": [
                "sha256:7682dc8afb30297001674575ea00d1814d808d6a36af415a82bd481d37ba7b8e",
                "sha256:bb4d8133cb15a609f44e8213d9b391b0809795062913b383c62be0ee95b1db48"
            ],
            "markers": "python_version >= '3.7'",
            "version": "==8.1.3"
        },
        "commonmark": {
            "hashes": [
                "sha256:452f9dc859be7f06631ddcb328b6919c67984aca654e5fefb3914d54691aed60",
                "sha256:da2f38c92590f83de410ba1a3cbceafbc74fee9def35f9251ba9a971d6d66fd9"
            ],
            "version": "==0.9.1"
        },
        "deepdiff": {
            "hashes": [
                "sha256:3fe134dde5b3922ff8c51fc1e95a972e659c853797231b836a5ccf15532fd516",
                "sha256:8ba27c185f9197b78c316ce7bb0c743d25d14f7cdb8ec3b340437dbc93dcbff2"
            ],
            "markers": "python_version >= '3.7'",
            "version": "==6.2.1"
        },
        "dnslib": {
            "hashes": [
                "sha256:310196d3e38ce2051b61eebbd2f1d08fcc934fa3360f22031864d16efe8bca77",
                "sha256:46137e8ef6ef52b24a16d47e0786a99dd103ab1e71eea616f21371accbccc557",
                "sha256:9eb851ac721eea51834d43795478ac9b48272c61ba97cc4a160668b50aff39ec"
            ],
            "version": "==0.9.23"
        },
        "dnspython": {
            "hashes": [
                "sha256:0f7569a4a6ff151958b64304071d370daa3243d15941a7beedf0c9fe5105603e",
                "sha256:a851e51367fb93e9e1361732c1d60dab63eff98712e503ea7d92e6eccb109b4f"
            ],
            "markers": "python_version >= '3.6' and python_full_version < '4.0.0'",
            "version": "==2.2.1"
        },
        "docker": {
            "hashes": [
                "sha256:3e8bc47534e0ca9331d72c32f2881bb13b93ded0bcdeab3c833fb7cf61c0a9a5",
                "sha256:fc961d622160e8021c10d1bcabc388c57d55fb1f917175afbe24af442e6879bd"
            ],
            "markers": "python_version >= '3.6'",
            "version": "==5.0.0"
        },
        "dulwich": {
            "hashes": [
                "sha256:06775c5713cfeda778c7c67d4422b5e7554d3a7f644f1dde646cdf486a30285a",
                "sha256:0c61c193d02c0e1e0d758cdd57ae76685c368d09a01f00d704ba88bd96767cfe",
                "sha256:0e4862f318d99cc8a500e3622a89613a88c07d957a0f628cdc2ed86addff790f",
                "sha256:0f9c4f2455f966cad94648278fa9972e4695b35d04f82792fa58e1ea15dd83f0",
                "sha256:11b180b80363b4fc70664197028181a17ae4c52df9965a29b62a6c52e40c2dbe",
                "sha256:2644466270267270f2157ea6f1c0aa224f6f3bf06a307fc39954e6b4b3d82bae",
                "sha256:2aa2a4a84029625bf9c63771f8a628db1f3be2d2ea3cb8b17942cd4317797152",
                "sha256:322ff8ff6aa4d6d36294cd36de1c84767eb1903c7db3e7b4475ad091febf5363",
                "sha256:3b1964fa80cafd5a1fd71615b0313daf6f3295c6ab05656ea0c1d2423539904a",
                "sha256:3fb35cedb1243bc420d885ef5b4afd642c6ac8f07ddfc7fdbca1becf9948bf7e",
                "sha256:4842e22ed863a776b36ef8ffe9ed7b772eb452b42c8d02975c29d27e3bc50ab4",
                "sha256:49f66f1c057c18d7d60363f461f4ab8329320fbe1f02a7a33c255864a7d3c942",
                "sha256:4aa1d0861517ebbbe0e0084cc9ab4f7ab720624a3eda2bd10e45f774ab858db8",
                "sha256:4bb23a9cec63e16c0e432335f068169b73dd44fa9318dd7cd7a4ca83607ff367",
                "sha256:4e541cd690a5e3d55082ed51732d755917e933cddeb4b0204f2a5ec5d5d7b60b",
                "sha256:50a941796b2c675be39be728d540c16b5b7ce77eb9e1b3f855650ece6832d2be",
                "sha256:519b627d49d273e2fd01c79d09e578675ca6cd05193c1787e9ef165c9a1d66ea",
                "sha256:5267619b34ddaf8d9a6b841492cd17a971fd25bf9a5657f2de928385c3a08b94",
                "sha256:5411d0f1092152e1c0bb916ae490fe181953ae1b8d13f4e68661253e10b78dbb",
                "sha256:57bff9bde0b6b05b00c6acbb1a94357caddb2908ed7026a48c715ff50d220335",
                "sha256:583c6bbc27f13fe2e41a19f6987a42681c6e4f6959beae0a6e5bb033b8b081a8",
                "sha256:5d3290a45651c8e534f8e83ae2e30322aefdd162f0f338bae2e79a6ee5a87513",
                "sha256:6343569f998ce429e2a5d813c56768ac51b496522401db950f0aa44240bfa901",
                "sha256:6a75cab01b909c4c683c2083e060e378bc01701b7366b5a7d9846ef6d3b9e3d5",
                "sha256:6d409a282f8848fd6c8d7c7545ad2f75c16de5d5977de202642f1d50fdaac554",
                "sha256:7301773e5cc16d521bc6490e73772a86a4d1d0263de506f08b54678cc4e2f061",
                "sha256:731e7f319b34251fadeb362ada1d52cc932369d9cdfa25c0e41150cda28773d0",
                "sha256:78c388ad421199000fb7b5ed5f0c7b509b3e31bd7cad303786a4d0bf89b82f60",
                "sha256:790e4a641284a7fb4d56ebdaf8b324a5826fbbb9c54307c06f586f9f6a5e56db",
                "sha256:7aaabb8e4beadd53f75f853a981caaadef3ef130e5645c902705704eaf136daa",
                "sha256:80ab07131a6e68594441f5c4767e9e44e87fceafc3e347e541c928a18c679bd8",
                "sha256:80e8750ee2fa0ab2784a095956077758e5f6107de27f637c4b9d18406652c22c",
                "sha256:8cc6092a4f0bbbff2e553e87a9c6325955b64ea43fca21297c8182e19ae8a43c",
                "sha256:8f3af857f94021cae1322d86925bfc0dd31e501e885ab5db275473bfac0bb39d",
                "sha256:9091f1d53a3c0747cbf0bd127c64e7f09b770264d8fb53e284383fcdf69154e7",
                "sha256:9163fbb021a8ad9c35a0814a5eedf45a8eb3a0b764b865d7016d901fc5a947fc",
                "sha256:97f02f8d500d4af08dc022d697c56e8539171acc3f575c2fe9acf3b078e5c8c9",
                "sha256:a24a3893108f3b97beb958670d5f3f2a3bec73a1fe18637a572a85abd949a1c4",
                "sha256:a344230cadfc5d315752add6ce9d4cfcfc6c85e36bbf57fce9444bcc7c6ea8fb",
                "sha256:a405cd236766060894411614a272cfb86fe86cde5ca73ef264fc4fa5a715fff4",
                "sha256:a6ec7c8fea2b44187a3b545e6c11ab9947ffb122647b07abcdb7cc3aaa770c0e",
                "sha256:af4adac92fb95671ea3a24f2f8e5e5e8f638711ce9c33a3ca6cd68bf1ff7d99f",
                "sha256:b4d11d44176e5d2fa8271fc86ad1e0a8731b9ad8f77df64c12846b30e16135eb",
                "sha256:b70106580ed11f45f4c32d2831d0c9c9f359bc2415fff4a6be443e3a36811398",
                "sha256:c075f69c2de19d9fd97e3b70832d2b42c6a4a5d909b3ffd1963b67d86029f95f",
                "sha256:c2edbff3053251985f10702adfafbee118298d383ef5b5b432a5f22d1f1915df",
                "sha256:c3dc9f97ec8d3db08d9723b9fd06f3e52c15b84c800d153cfb59b0a3dc8b8d40",
                "sha256:c7542a72c5640dd0620862d6df8688f02a6c336359b5af9b3fcfe11b7fa6652f",
                "sha256:c83e7840d9d0a94d7033bc109efe0c22dfcdcd816bcd4469085e42809e3bf5ba",
                "sha256:c96e3fb9d48c0454dc242c7accc7819780c9a7f29e441a9eff12361ed0fa35f9",
                "sha256:cb194c53109131bcbcd1ca430fcd437cdaf2d33e204e45fbe121c47eaa43e9af",
                "sha256:d2f7df39bd1378d3b0bfb3e7fc930fd0191924af1f0ef587bcd9946afe076c06",
                "sha256:d3ee45001411b638641819b7b3b33f31f13467c84066e432256580fcab7d8815",
                "sha256:d4629635a97e3af1b5da48071e00c8e70fad85f3266fadabe1f5a8f49172c507",
                "sha256:dd9fa00971ecf059bb358085a942ecac5be4ff71acdf299f44c8cbc45c18659f",
                "sha256:df3562dde3079d57287c233d45b790bc967c5aae975c9a7b07ca30e60e055512",
                "sha256:e1ae18d5805f0c0c5dac65795f8d48660437166b12ee2c0ffea95bfdbf9c1051",
                "sha256:e29a3c2037761fa816aa556e78364dfc8e3f44b873db2d17aed96f9b06ac83a3",
                "sha256:ea8ffe26d91dbcd5580dbd5a07270a12ea57b091604d77184da0a0d9fad50ed3",
                "sha256:ee0f9b02019c0ea84cdd31c00a0c283669b771c85612997a911715cf84e33d99",
                "sha256:eefe786a6010f8546baac4912113eeed4e397ddb8c433a345b548a04d4176496",
                "sha256:f08406b6b789dea5c95ba1130a0801d8748a67f18be940fe7486a8b481fde875",
                "sha256:fbb6368f18451dc44c95c55e1a609d1a01d3821f7ed480b22b2aea1baca0f4a7"
            ],
            "markers": "python_version >= '3.6'",
            "version": "==0.20.50"
        },
        "idna": {
            "hashes": [
                "sha256:b307872f855b18632ce0c21c5e45be78c0ea7ae4c15c828c20788b26921eb3f6",
                "sha256:b97d804b1e9b523befed77c48dacec60e6dcb0b5391d57af6a65a312a90648c0"
            ],
            "markers": "python_version >= '2.7' and python_version not in '3.0, 3.1, 3.2, 3.3'",
            "version": "==2.10"
        },
        "jmespath": {
            "hashes": [
                "sha256:b85d0567b8666149a93172712e68920734333c0ce7e89b78b3e987f71e5ed4f9",
                "sha256:cdf6525904cc597730141d61b36f2e4b8ecc257c420fa2f4549bac2c2d0cb72f"
            ],
            "markers": "python_version >= '2.6' and python_version not in '3.0, 3.1, 3.2, 3.3'",
            "version": "==0.10.0"
        },
        "localstack": {
            "hashes": [
                "sha256:1c78cd0ddfba888132cd8bdcc478821ea5cdea8122b8530066c16a93552eab64",
                "sha256:fbe9ec778dc7863c87ab69e3f34b49aad4584b2c7c8597c4fb88ae1488f85829"
            ],
            "index": "pypi",
            "version": "==0.12.19.1"
        },
        "localstack-client": {
            "hashes": [
                "sha256:71124983d15418c90ec9a82c4bde0460b29c62896cd44527b4b3346f8d5f8a89"
            ],
            "version": "==1.39"
        },
        "localstack-ext": {
            "hashes": [
                "sha256:703b161e497f395e3c4a68a0dfe8682c33219b22c51f9acdd1e3efbfbe895210"
            ],
            "version": "==0.13.0.8"
        },
        "localstack-plugin-loader": {
            "hashes": [
                "sha256:4772348083650a0e8a8e4e94374d2a7e65195bd279e029a9b4b07aa76be23d59",
                "sha256:eb829c47332caf2ff1062a2038077e0a5e93c30bb2c61cf2651b07ccadd77448"
            ],
            "version": "==1.1.1"
        },
        "ordered-set": {
            "hashes": [
                "sha256:046e1132c71fcf3330438a539928932caf51ddbc582496833e23de611de14562",
                "sha256:694a8e44c87657c59292ede72891eb91d34131f6531463aab3009191c77364a8"
            ],
            "markers": "python_version >= '3.7'",
            "version": "==4.1.0"
        },
        "pbr": {
            "hashes": [
                "sha256:b97bc6695b2aff02144133c2e7399d5885223d42b7912ffaec2ca3898e673bfe",
                "sha256:db2317ff07c84c4c63648c9064a79fe9d9f5c7ce85a9099d4b6258b3db83225a"
            ],
            "markers": "python_version >= '2.6'",
            "version": "==5.11.0"
        },
        "pyaes": {
            "hashes": [
                "sha256:02c1b1405c38d3c370b085fb952dd8bea3fadcee6411ad99f312cc129c536d8f"
            ],
            "version": "==1.6.1"
        },
        "pygments": {
            "hashes": [
                "sha256:56a8508ae95f98e2b9bdf93a6be5ae3f7d8af858b43e02c5a2ff083726be40c1",
                "sha256:f643f331ab57ba3c9d89212ee4a2dabc6e94f117cf4eefde99a0574720d14c42"
            ],
            "markers": "python_version >= '3.6'",
            "version": "==2.13.0"
        },
        "python-dateutil": {
            "hashes": [
                "sha256:0123cacc1627ae19ddf3c27a5de5bd67ee4586fbdd6440d9748f8abb483d3e86",
                "sha256:961d03dc3453ebbc59dbdea9e4e11c5651520a876d0f4db161e8674aae935da9"
            ],
            "markers": "python_version >= '2.7' and python_version not in '3.0, 3.1, 3.2, 3.3'",
            "version": "==2.8.2"
        },
        "pyyaml": {
            "hashes": [
                "sha256:01b45c0191e6d66c470b6cf1b9531a771a83c1c4208272ead47a3ae4f2f603bf",
                "sha256:0283c35a6a9fbf047493e3a0ce8d79ef5030852c51e9d911a27badfde0605293",
                "sha256:055d937d65826939cb044fc8c9b08889e8c743fdc6a32b33e2390f66013e449b",
                "sha256:07751360502caac1c067a8132d150cf3d61339af5691fe9e87803040dbc5db57",
                "sha256:0b4624f379dab24d3725ffde76559cff63d9ec94e1736b556dacdfebe5ab6d4b",
                "sha256:0ce82d761c532fe4ec3f87fc45688bdd3a4c1dc5e0b4a19814b9009a29baefd4",
                "sha256:1e4747bc279b4f613a09eb64bba2ba602d8a6664c6ce6396a4d0cd413a50ce07",
                "sha256:213c60cd50106436cc818accf5baa1aba61c0189ff610f64f4a3e8c6726218ba",
                "sha256:231710d57adfd809ef5d34183b8ed1eeae3f76459c18fb4a0b373ad56bedcdd9",
                "sha256:277a0ef2981ca40581a47093e9e2d13b3f1fbbeffae064c1d21bfceba2030287",
                "sha256:2cd5df3de48857ed0544b34e2d40e9fac445930039f3cfe4bcc592a1f836d513",
                "sha256:40527857252b61eacd1d9af500c3337ba8deb8fc298940291486c465c8b46ec0",
                "sha256:432557aa2c09802be39460360ddffd48156e30721f5e8d917f01d31694216782",
                "sha256:473f9edb243cb1935ab5a084eb238d842fb8f404ed2193a915d1784b5a6b5fc0",
                "sha256:48c346915c114f5fdb3ead70312bd042a953a8ce5c7106d5bfb1a5254e47da92",
                "sha256:50602afada6d6cbfad699b0c7bb50d5ccffa7e46a3d738092afddc1f9758427f",
                "sha256:68fb519c14306fec9720a2a5b45bc9f0c8d1b9c72adf45c37baedfcd949c35a2",
                "sha256:77f396e6ef4c73fdc33a9157446466f1cff553d979bd00ecb64385760c6babdc",
                "sha256:81957921f441d50af23654aa6c5e5eaf9b06aba7f0a19c18a538dc7ef291c5a1",
                "sha256:819b3830a1543db06c4d4b865e70ded25be52a2e0631ccd2f6a47a2822f2fd7c",
                "sha256:897b80890765f037df3403d22bab41627ca8811ae55e9a722fd0392850ec4d86",
                "sha256:98c4d36e99714e55cfbaaee6dd5badbc9a1ec339ebfc3b1f52e293aee6bb71a4",
                "sha256:9df7ed3b3d2e0ecfe09e14741b857df43adb5a3ddadc919a2d94fbdf78fea53c",
                "sha256:9fa600030013c4de8165339db93d182b9431076eb98eb40ee068700c9c813e34",
                "sha256:a80a78046a72361de73f8f395f1f1e49f956c6be882eed58505a15f3e430962b",
                "sha256:afa17f5bc4d1b10afd4466fd3a44dc0e245382deca5b3c353d8b757f9e3ecb8d",
                "sha256:b3d267842bf12586ba6c734f89d1f5b871df0273157918b0ccefa29deb05c21c",
                "sha256:b5b9eccad747aabaaffbc6064800670f0c297e52c12754eb1d976c57e4f74dcb",
                "sha256:bfaef573a63ba8923503d27530362590ff4f576c626d86a9fed95822a8255fd7",
                "sha256:c5687b8d43cf58545ade1fe3e055f70eac7a5a1a0bf42824308d868289a95737",
                "sha256:cba8c411ef271aa037d7357a2bc8f9ee8b58b9965831d9e51baf703280dc73d3",
                "sha256:d15a181d1ecd0d4270dc32edb46f7cb7733c7c508857278d3d378d14d606db2d",
                "sha256:d4b0ba9512519522b118090257be113b9468d804b19d63c71dbcf4a48fa32358",
                "sha256:d4db7c7aef085872ef65a8fd7d6d09a14ae91f691dec3e87ee5ee0539d516f53",
                "sha256:d4eccecf9adf6fbcc6861a38015c2a64f38b9d94838ac1810a9023a0609e1b78",
                "sha256:d67d839ede4ed1b28a4e8909735fc992a923cdb84e618544973d7dfc71540803",
                "sha256:daf496c58a8c52083df09b80c860005194014c3698698d1a57cbcfa182142a3a",
                "sha256:dbad0e9d368bb989f4515da330b88a057617d16b6a8245084f1b05400f24609f",
                "sha256:e61ceaab6f49fb8bdfaa0f92c4b57bcfbea54c09277b1b4f7ac376bfb7a7c174",
                "sha256:f84fbc98b019fef2ee9a1cb3ce93e3187a6df0b2538a651bfb890254ba9f90b5"
            ],
            "markers": "python_version >= '3.6'",
            "version": "==6.0"
        },
        "requests": {
            "hashes": [
                "sha256:27973dd4a904a4f13b263a19c866c13b92a39ed1c964655f025f3f8d3d75b804",
                "sha256:c210084e36a42ae6b9219e00e48287def368a26d03a048ddad7bfee44f75871e"
            ],
            "markers": "python_version >= '2.7' and python_version not in '3.0, 3.1, 3.2, 3.3, 3.4'",
            "version": "==2.25.1"
        },
        "rich": {
            "hashes": [
                "sha256:a4eb26484f2c82589bd9a17c73d32a010b1e29d89f1604cd9bf3a2097b81bb5e",
                "sha256:ba3a3775974105c221d31141f2c116f4fd65c5ceb0698657a11e9f295ec93fd0"
            ],
            "markers": "python_full_version >= '3.6.3' and python_full_version < '4.0.0'",
            "version": "==12.6.0"
        },
        "s3transfer": {
            "hashes": [
                "sha256:7a6f4c4d1fdb9a2b640244008e142cbc2cd3ae34b386584ef044dd0f27101971",
                "sha256:95c58c194ce657a5f4fb0b9e60a84968c808888aed628cd98ab8771fe1db98ed"
            ],
            "markers": "python_version >= '3.6'",
            "version": "==0.5.2"
        },
        "six": {
            "hashes": [
                "sha256:1e61c37477a1626458e36f7b1d82aa5c9b094fa4802892072e49de9c60c4c926",
                "sha256:8abb2f1d86890a2dfb989f9a77cfcfd3e47c2a354b01111771326f8aa26e0254"
            ],
            "markers": "python_version >= '2.7' and python_version not in '3.0, 3.1, 3.2, 3.3'",
            "version": "==1.16.0"
        },
        "stevedore": {
            "hashes": [
                "sha256:7f8aeb6e3f90f96832c301bff21a7eb5eefbe894c88c506483d355565d88cc1a",
                "sha256:aa6436565c069b2946fe4ebff07f5041e0c8bf18c7376dd29edf80cf7d524e4e"
            ],
            "markers": "python_version >= '3.8'",
            "version": "==4.1.1"
        },
        "tabulate": {
            "hashes": [
                "sha256:0095b12bf5966de529c0feb1fa08671671b3368eec77d7ef7ab114be2c068b3c",
                "sha256:024ca478df22e9340661486f85298cff5f6dcdba14f3813e8830015b9ed1948f"
            ],
            "markers": "python_version >= '3.7'",
            "version": "==0.9.0"
        },
        "urllib3": {
            "hashes": [
                "sha256:47cc05d99aaa09c9e72ed5809b60e7ba354e64b59c9c173ac3018642d8bb41fc",
                "sha256:c083dd0dce68dbfbe1129d5271cb90f9447dea7d52097c6e0126120c521ddea8"
            ],
            "markers": "python_version >= '2.7' and python_version not in '3.0, 3.1, 3.2, 3.3, 3.4, 3.5'",
            "version": "==1.26.13"
        },
        "websocket-client": {
            "hashes": [
                "sha256:d6b06432f184438d99ac1f456eaf22fe1ade524c3dd16e661142dc54e9cba574",
                "sha256:d6e8f90ca8e2dd4e8027c4561adeb9456b54044312dba655e7cae652ceb9ae59"
            ],
            "markers": "python_version >= '3.7'",
            "version": "==1.4.2"
        }
    }
}
