{
    "_meta": {
        "hash": {
            "sha256": "ba0a441d54057da65d73fca4238f1c75b373468acec8eda2aadf85b5d55bcc74"
        },
        "pipfile-spec": 6,
        "requires": {
            "python_version": "3"
        },
        "sources": [
            {
                "name": "pypi",
                "url": "https://pypi.org/simple",
                "verify_ssl": true
            }
        ]
    },
    "default": {
        "attrs": {
            "hashes": [
                "sha256:149e90d6d8ac20db7a955ad60cf0e6881a3f20d37096140088356da6c716b0b1",
                "sha256:ef6aaac3ca6cd92904cdd0d83f629a15f18053ec84e6432106f7a4d04ae4f5fb"
            ],
            "markers": "python_version >= '2.7' and python_version not in '3.0, 3.1, 3.2, 3.3, 3.4'",
            "version": "==21.2.0"
        },
        "boto3": {
            "hashes": [
                "sha256:11a6035060230e92327d4f10fef6bc44188b2cd68504012bc25ed62ac31d670b",
                "sha256:1b8fac5f11ee1d185770d7619f2212e67e636ce190512770d0d36fd162739628"
            ],
            "index": "pypi",
            "version": "==1.19.2"
        },
        "botocore": {
            "hashes": [
                "sha256:011360e79a4b843aa6591573cfa61e8eddc99b91adab1dfdb9a2b7f2c8511193",
                "sha256:681d0d854d08beb9a5727152e95a884439b76cf19fb38d69ca2f17f1404d48ae"
            ],
            "markers": "python_version >= '3.6'",
            "version": "==1.22.2"
        },
        "coverage": {
            "extras": [
                "toml"
            ],
            "hashes": [
                "sha256:04560539c19ec26995ecfb3d9307ff154fbb9a172cb57e3b3cfc4ced673103d1",
                "sha256:1549e1d08ce38259de2bc3e9a0d5f3642ff4a8f500ffc1b2df73fd621a6cdfc0",
                "sha256:1db67c497688fd4ba85b373b37cc52c50d437fd7267520ecd77bddbd89ea22c9",
                "sha256:30922626ce6f7a5a30bdba984ad21021529d3d05a68b4f71ea3b16bda35b8895",
                "sha256:36e9040a43d2017f2787b28d365a4bb33fcd792c7ff46a047a04094dc0e2a30d",
                "sha256:381d773d896cc7f8ba4ff3b92dee4ed740fb88dfe33b6e42efc5e8ab6dfa1cfe",
                "sha256:3bbda1b550e70fa6ac40533d3f23acd4f4e9cb4e6e77251ce77fdf41b3309fb2",
                "sha256:3be1206dc09fb6298de3fce70593e27436862331a85daee36270b6d0e1c251c4",
                "sha256:424c44f65e8be58b54e2b0bd1515e434b940679624b1b72726147cfc6a9fc7ce",
                "sha256:4b34ae4f51bbfa5f96b758b55a163d502be3dcb24f505d0227858c2b3f94f5b9",
                "sha256:4e28d2a195c533b58fc94a12826f4431726d8eb029ac21d874345f943530c122",
                "sha256:53a294dc53cfb39c74758edaa6305193fb4258a30b1f6af24b360a6c8bd0ffa7",
                "sha256:60e51a3dd55540bec686d7fff61b05048ca31e804c1f32cbb44533e6372d9cc3",
                "sha256:61b598cbdbaae22d9e34e3f675997194342f866bb1d781da5d0be54783dce1ff",
                "sha256:6807947a09510dc31fa86f43595bf3a14017cd60bf633cc746d52141bfa6b149",
                "sha256:6a6a9409223a27d5ef3cca57dd7cd4dfcb64aadf2fad5c3b787830ac9223e01a",
                "sha256:7092eab374346121805fb637572483270324407bf150c30a3b161fc0c4ca5164",
                "sha256:77b1da5767ed2f44611bc9bc019bc93c03fa495728ec389759b6e9e5039ac6b1",
                "sha256:8251b37be1f2cd9c0e5ccd9ae0380909c24d2a5ed2162a41fcdbafaf59a85ebd",
                "sha256:9f1627e162e3864a596486774876415a7410021f4b67fd2d9efdf93ade681afc",
                "sha256:a1b73c7c4d2a42b9d37dd43199c5711d91424ff3c6c22681bc132db4a4afec6f",
                "sha256:a82d79586a0a4f5fd1cf153e647464ced402938fbccb3ffc358c7babd4da1dd9",
                "sha256:abbff240f77347d17306d3201e14431519bf64495648ca5a49571f988f88dee9",
                "sha256:ad9b8c1206ae41d46ec7380b78ba735ebb77758a650643e841dd3894966c31d0",
                "sha256:bbffde2a68398682623d9dd8c0ca3f46fda074709b26fcf08ae7a4c431a6ab2d",
                "sha256:bcae10fccb27ca2a5f456bf64d84110a5a74144be3136a5e598f9d9fb48c0caa",
                "sha256:c9cd3828bbe1a40070c11fe16a51df733fd2f0cb0d745fb83b7b5c1f05967df7",
                "sha256:cd1cf1deb3d5544bd942356364a2fdc8959bad2b6cf6eb17f47d301ea34ae822",
                "sha256:d036dc1ed8e1388e995833c62325df3f996675779541f682677efc6af71e96cc",
                "sha256:db42baa892cba723326284490283a68d4de516bfb5aaba369b4e3b2787a778b7",
                "sha256:e4fb7ced4d9dec77d6cf533acfbf8e1415fe799430366affb18d69ee8a3c6330",
                "sha256:e7a0b42db2a47ecb488cde14e0f6c7679a2c5a9f44814393b162ff6397fcdfbb",
                "sha256:f2f184bf38e74f152eed7f87e345b51f3ab0b703842f447c22efe35e59942c24"
            ],
            "index": "pypi",
            "version": "==6.0.2"
        },
        "flake8": {
            "hashes": [
                "sha256:479b1304f72536a55948cb40a32dce8bb0ffe3501e26eaf292c7e60eb5e0428d",
                "sha256:806e034dda44114815e23c16ef92f95c91e4c71100ff52813adf7132a6ad870d"
            ],
            "index": "pypi",
            "version": "==4.0.1"
        },
        "iniconfig": {
            "hashes": [
                "sha256:011e24c64b7f47f6ebd835bb12a743f2fbe9a26d4cecaa7f53bc4f35ee9da8b3",
                "sha256:bc3af051d7d14b2ee5ef9969666def0cd1a000e121eaea580d4a313df4b37f32"
            ],
            "version": "==1.1.1"
        },
        "jmespath": {
            "hashes": [
                "sha256:b85d0567b8666149a93172712e68920734333c0ce7e89b78b3e987f71e5ed4f9",
                "sha256:cdf6525904cc597730141d61b36f2e4b8ecc257c420fa2f4549bac2c2d0cb72f"
            ],
            "markers": "python_version >= '2.6' and python_version not in '3.0, 3.1, 3.2, 3.3'",
            "version": "==0.10.0"
        },
        "mccabe": {
            "hashes": [
                "sha256:ab8a6258860da4b6677da4bd2fe5dc2c659cff31b3ee4f7f5d64e79735b80d42",
                "sha256:dd8d182285a0fe56bace7f45b5e7d1a6ebcbf524e8f3bd87eb0f125271b8831f"
            ],
            "version": "==0.6.1"
        },
        "packaging": {
            "hashes": [
                "sha256:7dc96269f53a4ccec5c0670940a4281106dd0bb343f47b7471f779df49c2fbe7",
                "sha256:c86254f9220d55e31cc94d69bade760f0847da8000def4dfe1c6b872fd14ff14"
            ],
            "markers": "python_version >= '3.6'",
            "version": "==21.0"
        },
        "pluggy": {
            "hashes": [
                "sha256:4224373bacce55f955a878bf9cfa763c1e360858e330072059e10bad68531159",
                "sha256:74134bbf457f031a36d68416e1509f34bd5ccc019f0bcc952c7b909d06b37bd3"
            ],
            "markers": "python_version >= '3.6'",
            "version": "==1.0.0"
        },
        "py": {
            "hashes": [
                "sha256:21b81bda15b66ef5e1a777a21c4dcd9c20ad3efd0b3f817e7a809035269e1bd3",
                "sha256:3b80836aa6d1feeaa108e046da6423ab8f6ceda6468545ae8d02d9d58d18818a"
            ],
            "markers": "python_version >= '2.7' and python_version not in '3.0, 3.1, 3.2, 3.3'",
            "version": "==1.10.0"
        },
        "pycodestyle": {
            "hashes": [
                "sha256:720f8b39dde8b293825e7ff02c475f3077124006db4f440dcbc9a20b76548a20",
                "sha256:eddd5847ef438ea1c7870ca7eb78a9d47ce0cdb4851a5523949f2601d0cbbe7f"
            ],
            "markers": "python_version >= '2.7' and python_version not in '3.0, 3.1, 3.2, 3.3, 3.4'",
            "version": "==2.8.0"
        },
        "pydub": {
            "hashes": [
                "sha256:65617e33033874b59d87db603aa1ed450633288aefead953b30bded59cb599a6",
                "sha256:980a33ce9949cab2a569606b65674d748ecbca4f0796887fd6f46173a7b0d30f"
            ],
            "index": "pypi",
            "version": "==0.25.1"
        },
        "pyflakes": {
            "hashes": [
                "sha256:05a85c2872edf37a4ed30b0cce2f6093e1d0581f8c19d7393122da7e25b2b24c",
                "sha256:3bb3a3f256f4b7968c9c788781e4ff07dce46bdf12339dcda61053375426ee2e"
            ],
            "markers": "python_version >= '2.7' and python_version not in '3.0, 3.1, 3.2, 3.3'",
            "version": "==2.4.0"
        },
        "pyparsing": {
            "hashes": [
                "sha256:c203ec8783bf771a155b207279b9bccb8dea02d8f0c9e5f8ead507bc3246ecc1",
                "sha256:ef9d7589ef3c200abe66653d3f1ab1033c3c419ae9b9bdb1240a85b024efc88b"
            ],
            "markers": "python_version >= '2.6' and python_version not in '3.0, 3.1, 3.2, 3.3'",
            "version": "==2.4.7"
        },
        "pytest": {
            "hashes": [
                "sha256:131b36680866a76e6781d13f101efb86cf674ebb9762eb70d3082b6f29889e89",
                "sha256:7310f8d27bc79ced999e760ca304d69f6ba6c6649c0b60fb0e04a4a77cacc134"
            ],
            "index": "pypi",
            "version": "==6.2.5"
        },
        "pytest-cov": {
            "hashes": [
                "sha256:578d5d15ac4a25e5f961c938b85a05b09fdaae9deef3bb6de9a6e766622ca7a6",
                "sha256:e7f0f5b1617d2210a2cabc266dfe2f4c75a8d32fb89eafb7ad9d06f6d076d470"
            ],
            "index": "pypi",
            "version": "==3.0.0"
        },
        "python-dateutil": {
            "hashes": [
                "sha256:0123cacc1627ae19ddf3c27a5de5bd67ee4586fbdd6440d9748f8abb483d3e86",
                "sha256:961d03dc3453ebbc59dbdea9e4e11c5651520a876d0f4db161e8674aae935da9"
            ],
            "markers": "python_version >= '2.7' and python_version not in '3.0, 3.1, 3.2, 3.3'",
            "version": "==2.8.2"
        },
        "s3transfer": {
            "hashes": [
                "sha256:50ed823e1dc5868ad40c8dc92072f757aa0e653a192845c94a3b676f4a62da4c",
                "sha256:9c1dc369814391a6bda20ebbf4b70a0f34630592c9aa520856bf384916af2803"
            ],
            "markers": "python_version >= '3.6'",
            "version": "==0.5.0"
        },
        "six": {
            "hashes": [
                "sha256:1e61c37477a1626458e36f7b1d82aa5c9b094fa4802892072e49de9c60c4c926",
                "sha256:8abb2f1d86890a2dfb989f9a77cfcfd3e47c2a354b01111771326f8aa26e0254"
            ],
            "markers": "python_version >= '2.7' and python_version not in '3.0, 3.1, 3.2, 3.3'",
            "version": "==1.16.0"
        },
        "toml": {
            "hashes": [
                "sha256:806143ae5bfb6a3c6e736a764057db0e6a0e05e338b5630894a5f779cabb4f9b",
                "sha256:b3bda1d108d5dd99f4a20d24d9c348e91c4db7ab1b749200bded2f839ccbe68f"
            ],
            "markers": "python_version >= '2.6' and python_version not in '3.0, 3.1, 3.2, 3.3'",
            "version": "==0.10.2"
        },
        "tomli": {
            "hashes": [
                "sha256:8dd0e9524d6f386271a36b41dbf6c57d8e32fd96fd22b6584679dc569d20899f",
                "sha256:a5b75cb6f3968abb47af1b40c1819dc519ea82bcc065776a866e8d74c5ca9442"
            ],
            "markers": "python_version >= '3.6'",
            "version": "==1.2.1"
        },
        "urllib3": {
            "hashes": [
                "sha256:4987c65554f7a2dbf30c18fd48778ef124af6fab771a377103da0585e2336ece",
                "sha256:c4fdf4019605b6e5423637e01bc9fe4daef873709a7973e195ceba0a62bbc844"
            ],
            "markers": "python_version >= '2.7' and python_version not in '3.0, 3.1, 3.2, 3.3, 3.4' and python_version < '4'",
            "version": "==1.26.7"
        }
    },
    "develop": {
        "boto3": {
            "hashes": [
                "sha256:11a6035060230e92327d4f10fef6bc44188b2cd68504012bc25ed62ac31d670b",
                "sha256:1b8fac5f11ee1d185770d7619f2212e67e636ce190512770d0d36fd162739628"
            ],
            "index": "pypi",
            "version": "==1.19.2"
        },
        "botocore": {
            "hashes": [
                "sha256:011360e79a4b843aa6591573cfa61e8eddc99b91adab1dfdb9a2b7f2c8511193",
                "sha256:681d0d854d08beb9a5727152e95a884439b76cf19fb38d69ca2f17f1404d48ae"
            ],
            "markers": "python_version >= '3.6'",
            "version": "==1.22.2"
        },
        "certifi": {
            "hashes": [
                "sha256:78884e7c1d4b00ce3cea67b44566851c4343c120abd683433ce934a68ea58872",
                "sha256:d62a0163eb4c2344ac042ab2bdf75399a71a2d8c7d47eac2e2ee91b9d6339569"
            ],
            "version": "==2021.10.8"
        },
        "chardet": {
            "hashes": [
                "sha256:0d6f53a15db4120f2b08c94f11e7d93d2c911ee118b6b30a04ec3ee8310179fa",
                "sha256:f864054d66fd9118f2e67044ac8981a54775ec5b67aed0441892edb553d21da5"
            ],
            "markers": "python_version >= '2.7' and python_version not in '3.0, 3.1, 3.2, 3.3, 3.4'",
            "version": "==4.0.0"
        },
        "click": {
            "hashes": [
                "sha256:353f466495adaeb40b6b5f592f9f91cb22372351c84caeb068132442a4518ef3",
                "sha256:410e932b050f5eed773c4cda94de75971c89cdb3155a72a0831139a79e5ecb5b"
            ],
            "markers": "python_version >= '3.6'",
            "version": "==8.0.3"
        },
        "colorama": {
            "hashes": [
                "sha256:5941b2b48a20143d2267e95b1c2a7603ce057ee39fd88e7329b0c292aa16869b",
                "sha256:9f47eda37229f68eee03b24b9748937c7dc3868f906e8ba69fbcbdd3bc5dc3e2"
            ],
            "markers": "python_version >= '2.7' and python_version not in '3.0, 3.1, 3.2, 3.3, 3.4'",
            "version": "==0.4.4"
        },
        "commonmark": {
            "hashes": [
                "sha256:452f9dc859be7f06631ddcb328b6919c67984aca654e5fefb3914d54691aed60",
                "sha256:da2f38c92590f83de410ba1a3cbceafbc74fee9def35f9251ba9a971d6d66fd9"
            ],
            "version": "==0.9.1"
        },
        "dnslib": {
            "hashes": [
                "sha256:2d66b43d563d60c469117c8cb615843e7d05bf8fb2e6cb00a637281d26b7ec7d",
                "sha256:87dd634ce2349ced88fa5e50848d34b57569f99b4a542f72b9314d1e72fabf95"
            ],
            "version": "==0.9.16"
        },
        "dnspython": {
            "hashes": [
                "sha256:95d12f6ef0317118d2a1a6fc49aac65ffec7eb8087474158f42f26a639135216",
                "sha256:e4a87f0b573201a0f3727fa18a516b055fd1107e0e5477cded4a2de497df1dd4"
            ],
            "markers": "python_version >= '3.6'",
            "version": "==2.1.0"
        },
        "docker": {
            "hashes": [
                "sha256:3e8bc47534e0ca9331d72c32f2881bb13b93ded0bcdeab3c833fb7cf61c0a9a5",
                "sha256:fc961d622160e8021c10d1bcabc388c57d55fb1f917175afbe24af442e6879bd"
            ],
            "markers": "python_version >= '3.6'",
            "version": "==5.0.0"
        },
        "dulwich": {
            "hashes": [
                "sha256:0d09bc588bfdeca14b3e41d5d75aa4f9ea6b0b298b283bc29c3aa1b2c7788653",
                "sha256:12edad6ef398815fff9e51223be5838cd66bcdb164a442f652494ae9bb54720c",
                "sha256:3be5fc65f84787bd9039aabf2b8b7ad1a02311a16cd0e851504784b62ba91d61",
                "sha256:6d060f996fba4f7aa94e1fedc53e76e8e9ef5b8f7ec026d804a68d63b8df2867",
                "sha256:6dcd552e8b6899da4cb87e3a0d71673fde03d2d8cf80d2d8946e4ccca15b307c",
                "sha256:6fad76fca381ceb914d156eb25c0cc77132cff1156d035271203c521134472b6",
                "sha256:75816b242340c413814d22a8011d0596279ea8f4758bf2f91efd45388915f5d8",
                "sha256:79baea81583eb61eb7bd4a819ab6096686b362c626a4640d84d4fc5539139353",
                "sha256:7e9649b962b753205e0a9a0cf2537871cb89eb3751f6c24e4d5f0d349c96b394",
                "sha256:962bb4ce269f8959c818bf58b92fac601ef6c3f63a07ac46a526c83ec5bfb635",
                "sha256:9b432869199972f0159e7d8cee02fde088c576ff294a01f5253a4ae7cb8f57c4",
                "sha256:b10d8cf0e71395871c90ca29ef794ecf04665ba41550029842b53c03af1c6ac5",
                "sha256:d4dbdabf71db1028f64e868081746869c17d8dbb6a16abb89b707e7a5590b121",
                "sha256:da7655385e090b805c262df42f8b75a115345343951ca2497476df0a6287c20e",
                "sha256:eb2cbc0bd62e21011161bde7f4bad7a606d7fbafe4b2e06f09d0cb8fac2e2fd2",
                "sha256:f676d89db4777e854b28ea87b9bb1b0b156f6a743564c0daeb88502adaec7313",
                "sha256:fabad0116db6f14568fef36962382c2ed698b8d305d2baaec9501a76eb836edd"
            ],
            "markers": "python_version >= '3.5'",
            "version": "==0.20.25"
        },
        "idna": {
            "hashes": [
                "sha256:b307872f855b18632ce0c21c5e45be78c0ea7ae4c15c828c20788b26921eb3f6",
                "sha256:b97d804b1e9b523befed77c48dacec60e6dcb0b5391d57af6a65a312a90648c0"
            ],
            "markers": "python_version >= '2.7' and python_version not in '3.0, 3.1, 3.2, 3.3'",
            "version": "==2.10"
        },
        "jmespath": {
            "hashes": [
                "sha256:b85d0567b8666149a93172712e68920734333c0ce7e89b78b3e987f71e5ed4f9",
                "sha256:cdf6525904cc597730141d61b36f2e4b8ecc257c420fa2f4549bac2c2d0cb72f"
            ],
            "markers": "python_version >= '2.6' and python_version not in '3.0, 3.1, 3.2, 3.3'",
            "version": "==0.10.0"
        },
        "localstack": {
            "hashes": [
                "sha256:1c78cd0ddfba888132cd8bdcc478821ea5cdea8122b8530066c16a93552eab64",
                "sha256:fbe9ec778dc7863c87ab69e3f34b49aad4584b2c7c8597c4fb88ae1488f85829"
            ],
            "index": "pypi",
            "version": "==0.12.19.1"
        },
        "localstack-client": {
            "hashes": [
                "sha256:c5e7577fd5836be83f3548ca90e739a4599174c50823f6c1ef1c7961c709f65e"
            ],
            "version": "==1.26"
        },
        "localstack-ext": {
            "hashes": [
                "sha256:c80e8978c8a3034efdf41cfae0457858ef9ac56da06c642123e1b10c48bfeec6"
            ],
            "version": "==0.12.19.3"
        },
        "localstack-plugin-loader": {
            "hashes": [
                "sha256:337c7466cfcc0de962b0aee6a0cdc824360e0f737dba0d00f6985d990ae108e8",
                "sha256:650c5b15512a7ea713dd91d731dd65207a440be2ea87910db2f51e094f433a61"
            ],
            "version": "==1.0.0"
        },
        "pbr": {
            "hashes": [
                "sha256:42df03e7797b796625b1029c0400279c7c34fd7df24a7d7818a1abb5b38710dd",
                "sha256:c68c661ac5cc81058ac94247278eeda6d2e6aecb3e227b0387c30d277e7ef8d4"
            ],
            "markers": "python_version >= '2.6'",
            "version": "==5.6.0"
        },
        "pyaes": {
            "hashes": [
                "sha256:02c1b1405c38d3c370b085fb952dd8bea3fadcee6411ad99f312cc129c536d8f"
            ],
            "version": "==1.6.1"
        },
        "pygments": {
            "hashes": [
                "sha256:b8e67fe6af78f492b3c4b3e2970c0624cbf08beb1e493b2c99b9fa1b67a20380",
                "sha256:f398865f7eb6874156579fdf36bc840a03cab64d1cde9e93d68f46a425ec52c6"
            ],
            "markers": "python_version >= '3.5'",
            "version": "==2.10.0"
        },
        "python-dateutil": {
            "hashes": [
                "sha256:0123cacc1627ae19ddf3c27a5de5bd67ee4586fbdd6440d9748f8abb483d3e86",
                "sha256:961d03dc3453ebbc59dbdea9e4e11c5651520a876d0f4db161e8674aae935da9"
            ],
            "markers": "python_version >= '2.7' and python_version not in '3.0, 3.1, 3.2, 3.3'",
            "version": "==2.8.2"
        },
        "pyyaml": {
            "hashes": [
                "sha256:0283c35a6a9fbf047493e3a0ce8d79ef5030852c51e9d911a27badfde0605293",
                "sha256:055d937d65826939cb044fc8c9b08889e8c743fdc6a32b33e2390f66013e449b",
                "sha256:07751360502caac1c067a8132d150cf3d61339af5691fe9e87803040dbc5db57",
                "sha256:0b4624f379dab24d3725ffde76559cff63d9ec94e1736b556dacdfebe5ab6d4b",
                "sha256:0ce82d761c532fe4ec3f87fc45688bdd3a4c1dc5e0b4a19814b9009a29baefd4",
                "sha256:1e4747bc279b4f613a09eb64bba2ba602d8a6664c6ce6396a4d0cd413a50ce07",
                "sha256:213c60cd50106436cc818accf5baa1aba61c0189ff610f64f4a3e8c6726218ba",
                "sha256:231710d57adfd809ef5d34183b8ed1eeae3f76459c18fb4a0b373ad56bedcdd9",
                "sha256:277a0ef2981ca40581a47093e9e2d13b3f1fbbeffae064c1d21bfceba2030287",
                "sha256:2cd5df3de48857ed0544b34e2d40e9fac445930039f3cfe4bcc592a1f836d513",
                "sha256:40527857252b61eacd1d9af500c3337ba8deb8fc298940291486c465c8b46ec0",
                "sha256:473f9edb243cb1935ab5a084eb238d842fb8f404ed2193a915d1784b5a6b5fc0",
                "sha256:48c346915c114f5fdb3ead70312bd042a953a8ce5c7106d5bfb1a5254e47da92",
                "sha256:50602afada6d6cbfad699b0c7bb50d5ccffa7e46a3d738092afddc1f9758427f",
                "sha256:68fb519c14306fec9720a2a5b45bc9f0c8d1b9c72adf45c37baedfcd949c35a2",
                "sha256:77f396e6ef4c73fdc33a9157446466f1cff553d979bd00ecb64385760c6babdc",
                "sha256:819b3830a1543db06c4d4b865e70ded25be52a2e0631ccd2f6a47a2822f2fd7c",
                "sha256:897b80890765f037df3403d22bab41627ca8811ae55e9a722fd0392850ec4d86",
                "sha256:98c4d36e99714e55cfbaaee6dd5badbc9a1ec339ebfc3b1f52e293aee6bb71a4",
                "sha256:9df7ed3b3d2e0ecfe09e14741b857df43adb5a3ddadc919a2d94fbdf78fea53c",
                "sha256:9fa600030013c4de8165339db93d182b9431076eb98eb40ee068700c9c813e34",
                "sha256:a80a78046a72361de73f8f395f1f1e49f956c6be882eed58505a15f3e430962b",
                "sha256:b3d267842bf12586ba6c734f89d1f5b871df0273157918b0ccefa29deb05c21c",
                "sha256:b5b9eccad747aabaaffbc6064800670f0c297e52c12754eb1d976c57e4f74dcb",
                "sha256:c5687b8d43cf58545ade1fe3e055f70eac7a5a1a0bf42824308d868289a95737",
                "sha256:cba8c411ef271aa037d7357a2bc8f9ee8b58b9965831d9e51baf703280dc73d3",
                "sha256:d15a181d1ecd0d4270dc32edb46f7cb7733c7c508857278d3d378d14d606db2d",
                "sha256:d4db7c7aef085872ef65a8fd7d6d09a14ae91f691dec3e87ee5ee0539d516f53",
                "sha256:d4eccecf9adf6fbcc6861a38015c2a64f38b9d94838ac1810a9023a0609e1b78",
                "sha256:d67d839ede4ed1b28a4e8909735fc992a923cdb84e618544973d7dfc71540803",
                "sha256:daf496c58a8c52083df09b80c860005194014c3698698d1a57cbcfa182142a3a",
                "sha256:e61ceaab6f49fb8bdfaa0f92c4b57bcfbea54c09277b1b4f7ac376bfb7a7c174",
                "sha256:f84fbc98b019fef2ee9a1cb3ce93e3187a6df0b2538a651bfb890254ba9f90b5"
            ],
            "markers": "python_version >= '3.6'",
            "version": "==6.0"
        },
        "requests": {
            "hashes": [
                "sha256:27973dd4a904a4f13b263a19c866c13b92a39ed1c964655f025f3f8d3d75b804",
                "sha256:c210084e36a42ae6b9219e00e48287def368a26d03a048ddad7bfee44f75871e"
            ],
            "markers": "python_version >= '2.7' and python_version not in '3.0, 3.1, 3.2, 3.3, 3.4'",
            "version": "==2.25.1"
        },
        "rich": {
            "hashes": [
                "sha256:83fb3eff778beec3c55201455c17cccde1ccdf66d5b4dade8ef28f56b50c4bd4",
                "sha256:c30d6808d1cd3defd56a7bd2d587d13e53b5f55de6cf587f035bcbb56bc3f37b"
            ],
            "markers": "python_full_version >= '3.6.2' and python_full_version < '4.0.0'",
            "version": "==10.12.0"
        },
        "s3transfer": {
            "hashes": [
                "sha256:50ed823e1dc5868ad40c8dc92072f757aa0e653a192845c94a3b676f4a62da4c",
                "sha256:9c1dc369814391a6bda20ebbf4b70a0f34630592c9aa520856bf384916af2803"
            ],
            "markers": "python_version >= '3.6'",
            "version": "==0.5.0"
        },
        "six": {
            "hashes": [
                "sha256:1e61c37477a1626458e36f7b1d82aa5c9b094fa4802892072e49de9c60c4c926",
                "sha256:8abb2f1d86890a2dfb989f9a77cfcfd3e47c2a354b01111771326f8aa26e0254"
            ],
            "markers": "python_version >= '2.7' and python_version not in '3.0, 3.1, 3.2, 3.3'",
            "version": "==1.16.0"
        },
        "stevedore": {
            "hashes": [
                "sha256:a547de73308fd7e90075bb4d301405bebf705292fa90a90fc3bcf9133f58616c",
                "sha256:f40253887d8712eaa2bb0ea3830374416736dc8ec0e22f5a65092c1174c44335"
            ],
            "markers": "python_version >= '3.6'",
            "version": "==3.5.0"
        },
        "tabulate": {
            "hashes": [
                "sha256:d7c013fe7abbc5e491394e10fa845f8f32fe54f8dc60c6622c6cf482d25d47e4",
                "sha256:eb1d13f25760052e8931f2ef80aaf6045a6cceb47514db8beab24cded16f13a7"
            ],
            "version": "==0.8.9"
        },
        "urllib3": {
            "hashes": [
                "sha256:4987c65554f7a2dbf30c18fd48778ef124af6fab771a377103da0585e2336ece",
                "sha256:c4fdf4019605b6e5423637e01bc9fe4daef873709a7973e195ceba0a62bbc844"
            ],
            "markers": "python_version >= '2.7' and python_version not in '3.0, 3.1, 3.2, 3.3, 3.4' and python_version < '4'",
            "version": "==1.26.7"
        },
        "websocket-client": {
            "hashes": [
                "sha256:0133d2f784858e59959ce82ddac316634229da55b498aac311f1620567a710ec",
                "sha256:8dfb715d8a992f5712fff8c843adae94e22b22a99b2c5e6b0ec4a1a981cc4e0d"
            ],
            "markers": "python_version >= '3.6'",
            "version": "==1.2.1"
        }
    }
}
